
Microsoft Visual Studio Solution File, Format Version 12.00
# Visual Studio Version 17
VisualStudioVersion = 17.3.32901.215
MinimumVisualStudioVersion = 10.0.40219.1
Project("{9A19103F-16F7-4668-BE54-9A1E7A4F7556}") = "ADPLabsAssignment", "ADPLabsAssignment\ADPLabsAssignment.csproj", "{69D0FF10-6E86-4CDC-BBD1-C4EF921A9BF9}"
EndProject
Global
	GlobalSection(SolutionConfigurationPlatforms) = preSolution
		Debug|Any CPU = Debug|Any CPU
		Release|Any CPU = Release|Any CPU
	EndGlobalSection
	GlobalSection(ProjectConfigurationPlatforms) = postSolution
		{69D0FF10-6E86-4CDC-BBD1-C4EF921A9BF9}.Debug|Any CPU.ActiveCfg = Debug|Any CPU
		{69D0FF10-6E86-4CDC-BBD1-C4EF921A9BF9}.Debug|Any CPU.Build.0 = Debug|Any CPU
		{69D0FF10-6E86-4CDC-BBD1-C4EF921A9BF9}.Release|Any CPU.ActiveCfg = Release|Any CPU
		{69D0FF10-6E86-4CDC-BBD1-C4EF921A9BF9}.Release|Any CPU.Build.0 = Release|Any CPU
	EndGlobalSection
	GlobalSection(SolutionProperties) = preSolution
		HideSolutionNode = FALSE
	EndGlobalSection
	GlobalSection(ExtensibilityGlobals) = postSolution
		SolutionGuid = {1832146D-4E69-41F3-A42E-AB6AB077D825}
	EndGlobalSection
EndGlobal
